// !$*UTF8*$!
{
	archiveVersion = 1;
	classes = {
	};
	objectVersion = 46;
	objects = {

/* Begin PBXBuildFile section */
		90732EA119D85ADB0070BFB7 /* AppDelegate.swift in Sources */ = {isa = PBXBuildFile; fileRef = 90732EA019D85ADB0070BFB7 /* AppDelegate.swift */; };
		90732EA319D85ADB0070BFB7 /* ViewController.swift in Sources */ = {isa = PBXBuildFile; fileRef = 90732EA219D85ADB0070BFB7 /* ViewController.swift */; };
		90732EA619D85ADB0070BFB7 /* Main.storyboard in Resources */ = {isa = PBXBuildFile; fileRef = 90732EA419D85ADB0070BFB7 /* Main.storyboard */; };
		90732EA819D85ADB0070BFB7 /* Images.xcassets in Resources */ = {isa = PBXBuildFile; fileRef = 90732EA719D85ADB0070BFB7 /* Images.xcassets */; };
		90732EAB19D85ADB0070BFB7 /* LaunchScreen.xib in Resources */ = {isa = PBXBuildFile; fileRef = 90732EA919D85ADB0070BFB7 /* LaunchScreen.xib */; };
		90732EB719D85ADC0070BFB7 /* rottenTests.swift in Sources */ = {isa = PBXBuildFile; fileRef = 90732EB619D85ADC0070BFB7 /* rottenTests.swift */; };
/* End PBXBuildFile section */

/* Begin PBXContainerItemProxy section */
		90732EB119D85ADC0070BFB7 /* PBXContainerItemProxy */ = {
			isa = PBXContainerItemProxy;
			containerPortal = 90732E9319D85ADB0070BFB7 /* Project object */;
			proxyType = 1;
			remoteGlobalIDString = 90732E9A19D85ADB0070BFB7;
			remoteInfo = rotten;
		};
/* End PBXContainerItemProxy section */

/* Begin PBXFileReference section */
		90732E9B19D85ADB0070BFB7 /* rotten.app */ = {isa = PBXFileReference; explicitFileType = wrapper.application; includeInIndex = 0; path = rotten.app; sourceTree = BUILT_PRODUCTS_DIR; };
		90732E9F19D85ADB0070BFB7 /* Info.plist */ = {isa = PBXFileReference; lastKnownFileType = text.plist.xml; path = Info.plist; sourceTree = "<group>"; };
		90732EA019D85ADB0070BFB7 /* AppDelegate.swift */ = {isa = PBXFileReference; lastKnownFileType = sourcecode.swift; path = AppDelegate.swift; sourceTree = "<group>"; };
		90732EA219D85ADB0070BFB7 /* ViewController.swift */ = {isa = PBXFileReference; lastKnownFileType = sourcecode.swift; path = ViewController.swift; sourceTree = "<group>"; };
		90732EA519D85ADB0070BFB7 /* Base */ = {isa = PBXFileReference; lastKnownFileType = file.storyboard; name = Base; path = Base.lproj/Main.storyboard; sourceTree = "<group>"; };
		90732EA719D85ADB0070BFB7 /* Images.xcassets */ = {isa = PBXFileReference; lastKnownFileType = folder.assetcatalog; path = Images.xcassets; sourceTree = "<group>"; };
		90732EAA19D85ADB0070BFB7 /* Base */ = {isa = PBXFileReference; lastKnownFileType = file.xib; name = Base; path = Base.lproj/LaunchScreen.xib; sourceTree = "<group>"; };
		90732EB019D85ADC0070BFB7 /* rottenTests.xctest */ = {isa = PBXFileReference; explicitFileType = wrapper.cfbundle; includeInIndex = 0; path = rottenTests.xctest; sourceTree = BUILT_PRODUCTS_DIR; };
		90732EB519D85ADC0070BFB7 /* Info.plist */ = {isa = PBXFileReference; lastKnownFileType = text.plist.xml; path = Info.plist; sourceTree = "<group>"; };
		90732EB619D85ADC0070BFB7 /* rottenTests.swift */ = {isa = PBXFileReference; lastKnownFileType = sourcecode.swift; path = rottenTests.swift; sourceTree = "<group>"; };
/* End PBXFileReference section */

/* Begin PBXFrameworksBuildPhase section */
		90732E9819D85ADB0070BFB7 /* Frameworks */ = {
			isa = PBXFrameworksBuildPhase;
			buildActionMask = 2147483647;
			files = (
			);
			runOnlyForDeploymentPostprocessing = 0;
		};
		90732EAD19D85ADC0070BFB7 /* Frameworks */ = {
			isa = PBXFrameworksBuildPhase;
			buildActionMask = 2147483647;
			files = (
			);
			runOnlyForDeploymentPostprocessing = 0;
		};
/* End PBXFrameworksBuildPhase section */

/* Begin PBXGroup section */
		90732E9219D85ADB0070BFB7 = {
			isa = PBXGroup;
			children = (
				90732E9D19D85ADB0070BFB7 /* rotten */,
				90732EB319D85ADC0070BFB7 /* rottenTests */,
				90732E9C19D85ADB0070BFB7 /* Products */,
			);
			sourceTree = "<group>";
		};
		90732E9C19D85ADB0070BFB7 /* Products */ = {
			isa = PBXGroup;
			children = (
				90732E9B19D85ADB0070BFB7 /* rotten.app */,
				90732EB019D85ADC0070BFB7 /* rottenTests.xctest */,
			);
			name = Products;
			sourceTree = "<group>";
		};
		90732E9D19D85ADB0070BFB7 /* rotten */ = {
			isa = PBXGroup;
			children = (
				90732EA019D85ADB0070BFB7 /* AppDelegate.swift */,
				90732EA219D85ADB0070BFB7 /* ViewController.swift */,
				90732EA419D85ADB0070BFB7 /* Main.storyboard */,
				90732EA719D85ADB0070BFB7 /* Images.xcassets */,
				90732EA919D85ADB0070BFB7 /* LaunchScreen.xib */,
				90732E9E19D85ADB0070BFB7 /* Supporting Files */,
			);
			path = rotten;
			sourceTree = "<group>";
		};
		90732E9E19D85ADB0070BFB7 /* Supporting Files */ = {
			isa = PBXGroup;
			children = (
				90732E9F19D85ADB0070BFB7 /* Info.plist */,
			);
			name = "Supporting Files";
			sourceTree = "<group>";
		};
		90732EB319D85ADC0070BFB7 /* rottenTests */ = {
			isa = PBXGroup;
			children = (
				90732EB619D85ADC0070BFB7 /* rottenTests.swift */,
				90732EB419D85ADC0070BFB7 /* Supporting Files */,
			);
			path = rottenTests;
			sourceTree = "<group>";
		};
		90732EB419D85ADC0070BFB7 /* Supporting Files */ = {
			isa = PBXGroup;
			children = (
				90732EB519D85ADC0070BFB7 /* Info.plist */,
			);
			name = "Supporting Files";
			sourceTree = "<group>";
		};
/* End PBXGroup section */

/* Begin PBXNativeTarget section */
		90732E9A19D85ADB0070BFB7 /* rotten */ = {
			isa = PBXNativeTarget;
			buildConfigurationList = 90732EBA19D85ADC0070BFB7 /* Build configuration list for PBXNativeTarget "rotten" */;
			buildPhases = (
				90732E9719D85ADB0070BFB7 /* Sources */,
				90732E9819D85ADB0070BFB7 /* Frameworks */,
				90732E9919D85ADB0070BFB7 /* Resources */,
			);
			buildRules = (
			);
			dependencies = (
			);
			name = rotten;
			productName = rotten;
			productReference = 90732E9B19D85ADB0070BFB7 /* rotten.app */;
			productType = "com.apple.product-type.application";
		};
		90732EAF19D85ADC0070BFB7 /* rottenTests */ = {
			isa = PBXNativeTarget;
			buildConfigurationList = 90732EBD19D85ADC0070BFB7 /* Build configuration list for PBXNativeTarget "rottenTests" */;
			buildPhases = (
				90732EAC19D85ADC0070BFB7 /* Sources */,
				90732EAD19D85ADC0070BFB7 /* Frameworks */,
				90732EAE19D85ADC0070BFB7 /* Resources */,
			);
			buildRules = (
			);
			dependencies = (
				90732EB219D85ADC0070BFB7 /* PBXTargetDependency */,
			);
			name = rottenTests;
			productName = rottenTests;
			productReference = 90732EB019D85ADC0070BFB7 /* rottenTests.xctest */;
			productType = "com.apple.product-type.bundle.unit-test";
		};
/* End PBXNativeTarget section */

/* Begin PBXProject section */
		90732E9319D85ADB0070BFB7 /* Project object */ = {
			isa = PBXProject;
			attributes = {
				LastUpgradeCheck = 0600;
				ORGANIZATIONNAME = "Morgan Lai";
				TargetAttributes = {
					90732E9A19D85ADB0070BFB7 = {
						CreatedOnToolsVersion = 6.0.1;
					};
					90732EAF19D85ADC0070BFB7 = {
						CreatedOnToolsVersion = 6.0.1;
						TestTargetID = 90732E9A19D85ADB0070BFB7;
					};
				};
			};
			buildConfigurationList = 90732E9619D85ADB0070BFB7 /* Build configuration list for PBXProject "rotten" */;
			compatibilityVersion = "Xcode 3.2";
			developmentRegion = English;
			hasScannedForEncodings = 0;
			knownRegions = (
				en,
				Base,
			);
			mainGroup = 90732E9219D85ADB0070BFB7;
			productRefGroup = 90732E9C19D85ADB0070BFB7 /* Products */;
			projectDirPath = "";
			projectRoot = "";
			targets = (
				90732E9A19D85ADB0070BFB7 /* rotten */,
				90732EAF19D85ADC0070BFB7 /* rottenTests */,
			);
		};
/* End PBXProject section */

/* Begin PBXResourcesBuildPhase section */
		90732E9919D85ADB0070BFB7 /* Resources */ = {
			isa = PBXResourcesBuildPhase;
			buildActionMask = 2147483647;
			files = (
				90732EA619D85ADB0070BFB7 /* Main.storyboard in Resources */,
				90732EAB19D85ADB0070BFB7 /* LaunchScreen.xib in Resources */,
				90732EA819D85ADB0070BFB7 /* Images.xcassets in Resources */,
			);
			runOnlyForDeploymentPostprocessing = 0;
		};
		90732EAE19D85ADC0070BFB7 /* Resources */ = {
			isa = PBXResourcesBuildPhase;
			buildActionMask = 2147483647;
			files = (
			);
			runOnlyForDeploymentPostprocessing = 0;
		};
/* End PBXResourcesBuildPhase section */

/* Begin PBXSourcesBuildPhase section */
		90732E9719D85ADB0070BFB7 /* Sources */ = {
			isa = PBXSourcesBuildPhase;
			buildActionMask = 2147483647;
			files = (
				90732EA319D85ADB0070BFB7 /* ViewController.swift in Sources */,
				90732EA119D85ADB0070BFB7 /* AppDelegate.swift in Sources */,
			);
			runOnlyForDeploymentPostprocessing = 0;
		};
		90732EAC19D85ADC0070BFB7 /* Sources */ = {
			isa = PBXSourcesBuildPhase;
			buildActionMask = 2147483647;
			files = (
				90732EB719D85ADC0070BFB7 /* rottenTests.swift in Sources */,
			);
			runOnlyForDeploymentPostprocessing = 0;
		};
/* End PBXSourcesBuildPhase section */

/* Begin PBXTargetDependency section */
		90732EB219D85ADC0070BFB7 /* PBXTargetDependency */ = {
			isa = PBXTargetDependency;
			target = 90732E9A19D85ADB0070BFB7 /* rotten */;
			targetProxy = 90732EB119D85ADC0070BFB7 /* PBXContainerItemProxy */;
		};
/* End PBXTargetDependency section */

/* Begin PBXVariantGroup section */
		90732EA419D85ADB0070BFB7 /* Main.storyboard */ = {
			isa = PBXVariantGroup;
			children = (
				90732EA519D85ADB0070BFB7 /* Base */,
			);
			name = Main.storyboard;
			sourceTree = "<group>";
		};
		90732EA919D85ADB0070BFB7 /* LaunchScreen.xib */ = {
			isa = PBXVariantGroup;
			children = (
				90732EAA19D85ADB0070BFB7 /* Base */,
			);
			name = LaunchScreen.xib;
			sourceTree = "<group>";
		};
/* End PBXVariantGroup section */

/* Begin XCBuildConfiguration section */
		90732EB819D85ADC0070BFB7 /* Debug */ = {
			isa = XCBuildConfiguration;
			buildSettings = {
				ALWAYS_SEARCH_USER_PATHS = NO;
				CLANG_CXX_LANGUAGE_STANDARD = "gnu++0x";
				CLANG_CXX_LIBRARY = "libc++";
				CLANG_ENABLE_MODULES = YES;
				CLANG_ENABLE_OBJC_ARC = YES;
				CLANG_WARN_BOOL_CONVERSION = YES;
				CLANG_WARN_CONSTANT_CONVERSION = YES;
				CLANG_WARN_DIRECT_OBJC_ISA_USAGE = YES_ERROR;
				CLANG_WARN_EMPTY_BODY = YES;
				CLANG_WARN_ENUM_CONVERSION = YES;
				CLANG_WARN_INT_CONVERSION = YES;
				CLANG_WARN_OBJC_ROOT_CLASS = YES_ERROR;
				CLANG_WARN_UNREACHABLE_CODE = YES;
				CLANG_WARN__DUPLICATE_METHOD_MATCH = YES;
				"CODE_SIGN_IDENTITY[sdk=iphoneos*]" = "iPhone Developer";
				COPY_PHASE_STRIP = NO;
				ENABLE_STRICT_OBJC_MSGSEND = YES;
				GCC_C_LANGUAGE_STANDARD = gnu99;
				GCC_DYNAMIC_NO_PIC = NO;
				GCC_OPTIMIZATION_LEVEL = 0;
				GCC_PREPROCESSOR_DEFINITIONS = (
					"DEBUG=1",
					"$(inherited)",
				);
				GCC_SYMBOLS_PRIVATE_EXTERN = NO;
				GCC_WARN_64_TO_32_BIT_CONVERSION = YES;
				GCC_WARN_ABOUT_RETURN_TYPE = YES_ERROR;
				GCC_WARN_UNDECLARED_SELECTOR = YES;
				GCC_WARN_UNINITIALIZED_AUTOS = YES_AGGRESSIVE;
				GCC_WARN_UNUSED_FUNCTION = YES;
				GCC_WARN_UNUSED_VARIABLE = YES;
				IPHONEOS_DEPLOYMENT_TARGET = 8.0;
				MTL_ENABLE_DEBUG_INFO = YES;
				ONLY_ACTIVE_ARCH = YES;
				SDKROOT = iphoneos;
				SWIFT_OPTIMIZATION_LEVEL = "-Onone";
			};
			name = Debug;
		};
		90732EB919D85ADC0070BFB7 /* Release */ = {
			isa = XCBuildConfiguration;
			buildSettings = {
				ALWAYS_SEARCH_USER_PATHS = NO;
				CLANG_CXX_LANGUAGE_STANDARD = "gnu++0x";
				CLANG_CXX_LIBRARY = "libc++";
				CLANG_ENABLE_MODULES = YES;
				CLANG_ENABLE_OBJC_ARC = YES;
				CLANG_WARN_BOOL_CONVERSION = YES;
				CLANG_WARN_CONSTANT_CONVERSION = YES;
				CLANG_WARN_DIRECT_OBJC_ISA_USAGE = YES_ERROR;
				CLANG_WARN_EMPTY_BODY = YES;
				CLANG_WARN_ENUM_CONVERSION = YES;
				CLANG_WARN_INT_CONVERSION = YES;
				CLANG_WARN_OBJC_ROOT_CLASS = YES_ERROR;
				CLANG_WARN_UNREACHABLE_CODE = YES;
				CLANG_WARN__DUPLICATE_METHOD_MATCH = YES;
				"CODE_SIGN_IDENTITY[sdk=iphoneos*]" = "iPhone Developer";
				COPY_PHASE_STRIP = YES;
				ENABLE_NS_ASSERTIONS = NO;
				ENABLE_STRICT_OBJC_MSGSEND = YES;
				GCC_C_LANGUAGE_STANDARD = gnu99;
				GCC_WARN_64_TO_32_BIT_CONVERSION = YES;
				GCC_WARN_ABOUT_RETURN_TYPE = YES_ERROR;
				GCC_WARN_UNDECLARED_SELECTOR = YES;
				GCC_WARN_UNINITIALIZED_AUTOS = YES_AGGRESSIVE;
				GCC_WARN_UNUSED_FUNCTION = YES;
				GCC_WARN_UNUSED_VARIABLE = YES;
				IPHONEOS_DEPLOYMENT_TARGET = 8.0;
				MTL_ENABLE_DEBUG_INFO = NO;
				SDKROOT = iphoneos;
				VALIDATE_PRODUCT = YES;
			};
			name = Release;
		};
		90732EBB19D85ADC0070BFB7 /* Debug */ = {
			isa = XCBuildConfiguration;
			buildSettings = {
				ASSETCATALOG_COMPILER_APPICON_NAME = AppIcon;
				INFOPLIST_FILE = rotten/Info.plist;
				LD_RUNPATH_SEARCH_PATHS = "$(inherited) @executable_path/Frameworks";
				PRODUCT_NAME = "$(TARGET_NAME)";
			};
			name = Debug;
		};
		90732EBC19D85ADC0070BFB7 /* Release */ = {
			isa = XCBuildConfiguration;
			buildSettings = {
				ASSETCATALOG_COMPILER_APPICON_NAME = AppIcon;
				INFOPLIST_FILE = rotten/Info.plist;
				LD_RUNPATH_SEARCH_PATHS = "$(inherited) @executable_path/Frameworks";
				PRODUCT_NAME = "$(TARGET_NAME)";
			};
			name = Release;
		};
		90732EBE19D85ADC0070BFB7 /* Debug */ = {
			isa = XCBuildConfiguration;
			buildSettings = {
				BUNDLE_LOADER = "$(TEST_HOST)";
				FRAMEWORK_SEARCH_PATHS = (
					"$(SDKROOT)/Developer/Library/Frameworks",
					"$(inherited)",
				);
				GCC_PREPROCESSOR_DEFINITIONS = (
					"DEBUG=1",
					"$(inherited)",
				);
				INFOPLIST_FILE = rottenTests/Info.plist;
				LD_RUNPATH_SEARCH_PATHS = "$(inherited) @executable_path/Frameworks @loader_path/Frameworks";
				PRODUCT_NAME = "$(TARGET_NAME)";
				TEST_HOST = "$(BUILT_PRODUCTS_DIR)/rotten.app/rotten";
			};
			name = Debug;
		};
		90732EBF19D85ADC0070BFB7 /* Release */ = {
			isa = XCBuildConfiguration;
			buildSettings = {
				BUNDLE_LOADER = "$(TEST_HOST)";
				FRAMEWORK_SEARCH_PATHS = (
					"$(SDKROOT)/Developer/Library/Frameworks",
					"$(inherited)",
				);
				INFOPLIST_FILE = rottenTests/Info.plist;
				LD_RUNPATH_SEARCH_PATHS = "$(inherited) @executable_path/Frameworks @loader_path/Frameworks";
				PRODUCT_NAME = "$(TARGET_NAME)";
				TEST_HOST = "$(BUILT_PRODUCTS_DIR)/rotten.app/rotten";
			};
			name = Release;
		};
/* End XCBuildConfiguration section */

/* Begin XCConfigurationList section */
		90732E9619D85ADB0070BFB7 /* Build configuration list for PBXProject "rotten" */ = {
			isa = XCConfigurationList;
			buildConfigurations = (
				90732EB819D85ADC0070BFB7 /* Debug */,
				90732EB919D85ADC0070BFB7 /* Release */,
			);
			defaultConfigurationIsVisible = 0;
			defaultConfigurationName = Release;
		};
		90732EBA19D85ADC0070BFB7 /* Build configuration list for PBXNativeTarget "rotten" */ = {
			isa = XCConfigurationList;
			buildConfigurations = (
				90732EBB19D85ADC0070BFB7 /* Debug */,
				90732EBC19D85ADC0070BFB7 /* Release */,
			);
			defaultConfigurationIsVisible = 0;
		};
		90732EBD19D85ADC0070BFB7 /* Build configuration list for PBXNativeTarget "rottenTests" */ = {
			isa = XCConfigurationList;
			buildConfigurations = (
				90732EBE19D85ADC0070BFB7 /* Debug */,
				90732EBF19D85ADC0070BFB7 /* Release */,
			);
			defaultConfigurationIsVisible = 0;
		};
/* End XCConfigurationList section */
	};
	rootObject = 90732E9319D85ADB0070BFB7 /* Project object */;
}
